{
  "name": "quiz",
  "lockfileVersion": 3,
  "requires": true,
  "packages": {
    "": {
      "dependencies": {
        "popper.js": "^1.12.9"
      }
    },
    "node_modules/popper.js": {
      "version": "1.12.9",
      "resolved": "https://registry.npmjs.org/popper.js/-/popper.js-1.12.9.tgz",
      "integrity": "sha512-s0EEi9xiSCdqz9lV4IiVH5yIZnDX/U1t0tCjB+0jXx9jW8lrR7kOpVupiUg175ogqVoudpDXHF1p6dKATCHMeg==",
      "deprecated": "You can find the new Popper v2 at @popperjs/core, this package is dedicated to the legacy v1"
    }
  }
}
